// !$*UTF8*$!
{
	archiveVersion = 1;
	classes = {
	};
	objectVersion = 51;
	objects = {

/* Begin PBXBuildFile section */
		4AEA1DF4CBE561096908A800 /* Pods_desafio_ios_concrete.framework in Frameworks */ = {isa = PBXBuildFile; fileRef = 9128A93B9A3AAEFBE01B2568 /* Pods_desafio_ios_concrete.framework */; };
		BC54C70B265C7991002DCB89 /* AppDelegate.swift in Sources */ = {isa = PBXBuildFile; fileRef = BC54C70A265C7991002DCB89 /* AppDelegate.swift */; };
		BC54C70D265C7991002DCB89 /* SceneDelegate.swift in Sources */ = {isa = PBXBuildFile; fileRef = BC54C70C265C7991002DCB89 /* SceneDelegate.swift */; };
		BC54C712265C7991002DCB89 /* Main.storyboard in Resources */ = {isa = PBXBuildFile; fileRef = BC54C710265C7991002DCB89 /* Main.storyboard */; };
		BC54C715265C7991002DCB89 /* desafio_ios_concrete.xcdatamodeld in Sources */ = {isa = PBXBuildFile; fileRef = BC54C713265C7991002DCB89 /* desafio_ios_concrete.xcdatamodeld */; };
		BC54C717265C7993002DCB89 /* Assets.xcassets in Resources */ = {isa = PBXBuildFile; fileRef = BC54C716265C7993002DCB89 /* Assets.xcassets */; };
		BC54C71A265C7993002DCB89 /* LaunchScreen.storyboard in Resources */ = {isa = PBXBuildFile; fileRef = BC54C718265C7993002DCB89 /* LaunchScreen.storyboard */; };
		BC54C725265C7A13002DCB89 /* MoviesViewController.swift in Sources */ = {isa = PBXBuildFile; fileRef = BC54C724265C7A13002DCB89 /* MoviesViewController.swift */; };
		BC54C729265C8316002DCB89 /* Movies.storyboard in Resources */ = {isa = PBXBuildFile; fileRef = BC54C728265C8316002DCB89 /* Movies.storyboard */; };
		BC54C72D265C8333002DCB89 /* Favorites.storyboard in Resources */ = {isa = PBXBuildFile; fileRef = BC54C72C265C8333002DCB89 /* Favorites.storyboard */; };
		BC6AA56B266061DE0050B78D /* NotFoundCollectionViewCell.swift in Sources */ = {isa = PBXBuildFile; fileRef = BC6AA569266061DE0050B78D /* NotFoundCollectionViewCell.swift */; };
		BC6AA56C266061DE0050B78D /* NotFoundCollectionViewCell.xib in Resources */ = {isa = PBXBuildFile; fileRef = BC6AA56A266061DE0050B78D /* NotFoundCollectionViewCell.xib */; };
		BCCC0CB9265F028400A0E3EA /* MovieViewModel.swift in Sources */ = {isa = PBXBuildFile; fileRef = BCCC0CB8265F028400A0E3EA /* MovieViewModel.swift */; };
		BCCC0CBC265F063B00A0E3EA /* MovieModel.swift in Sources */ = {isa = PBXBuildFile; fileRef = BCCC0CBB265F063B00A0E3EA /* MovieModel.swift */; };
		BCCC0CC0265F110900A0E3EA /* Network.swift in Sources */ = {isa = PBXBuildFile; fileRef = BCCC0CBF265F110900A0E3EA /* Network.swift */; };
		BCCC0CC9265F326300A0E3EA /* GenreModel.swift in Sources */ = {isa = PBXBuildFile; fileRef = BCCC0CC8265F326300A0E3EA /* GenreModel.swift */; };
		BCD17450265C8F15004E2ECA /* MoviesCollectionCell.swift in Sources */ = {isa = PBXBuildFile; fileRef = BCD1744E265C8F15004E2ECA /* MoviesCollectionCell.swift */; };
		BCD17451265C8F15004E2ECA /* MoviesCollectionCell.xib in Resources */ = {isa = PBXBuildFile; fileRef = BCD1744F265C8F15004E2ECA /* MoviesCollectionCell.xib */; };
		BCDB2261265DC4DC00A00D00 /* MovieDetailViewController.swift in Sources */ = {isa = PBXBuildFile; fileRef = BCDB2260265DC4DC00A00D00 /* MovieDetailViewController.swift */; };
		BCDB2266265DD1F700A00D00 /* ErrorMovieCollectionViewCell.swift in Sources */ = {isa = PBXBuildFile; fileRef = BCDB2264265DD1F700A00D00 /* ErrorMovieCollectionViewCell.swift */; };
		BCDB2267265DD1F700A00D00 /* ErrorMovieCollectionViewCell.xib in Resources */ = {isa = PBXBuildFile; fileRef = BCDB2265265DD1F700A00D00 /* ErrorMovieCollectionViewCell.xib */; };
/* End PBXBuildFile section */

/* Begin PBXFileReference section */
		56400F57D75191202EF98D85 /* Pods-desafio-ios-concrete.debug.xcconfig */ = {isa = PBXFileReference; includeInIndex = 1; lastKnownFileType = text.xcconfig; name = "Pods-desafio-ios-concrete.debug.xcconfig"; path = "Target Support Files/Pods-desafio-ios-concrete/Pods-desafio-ios-concrete.debug.xcconfig"; sourceTree = "<group>"; };
		9128A93B9A3AAEFBE01B2568 /* Pods_desafio_ios_concrete.framework */ = {isa = PBXFileReference; explicitFileType = wrapper.framework; includeInIndex = 0; path = Pods_desafio_ios_concrete.framework; sourceTree = BUILT_PRODUCTS_DIR; };
		B1DF110AB85E654CCF33D224 /* Pods-desafio-ios-concrete.release.xcconfig */ = {isa = PBXFileReference; includeInIndex = 1; lastKnownFileType = text.xcconfig; name = "Pods-desafio-ios-concrete.release.xcconfig"; path = "Target Support Files/Pods-desafio-ios-concrete/Pods-desafio-ios-concrete.release.xcconfig"; sourceTree = "<group>"; };
		BC54C707265C7991002DCB89 /* desafio-ios-concrete.app */ = {isa = PBXFileReference; explicitFileType = wrapper.application; includeInIndex = 0; path = "desafio-ios-concrete.app"; sourceTree = BUILT_PRODUCTS_DIR; };
		BC54C70A265C7991002DCB89 /* AppDelegate.swift */ = {isa = PBXFileReference; lastKnownFileType = sourcecode.swift; path = AppDelegate.swift; sourceTree = "<group>"; };
		BC54C70C265C7991002DCB89 /* SceneDelegate.swift */ = {isa = PBXFileReference; lastKnownFileType = sourcecode.swift; path = SceneDelegate.swift; sourceTree = "<group>"; };
		BC54C711265C7991002DCB89 /* Base */ = {isa = PBXFileReference; lastKnownFileType = file.storyboard; name = Base; path = Base.lproj/Main.storyboard; sourceTree = "<group>"; };
		BC54C714265C7991002DCB89 /* desafio_ios_concrete.xcdatamodel */ = {isa = PBXFileReference; lastKnownFileType = wrapper.xcdatamodel; path = desafio_ios_concrete.xcdatamodel; sourceTree = "<group>"; };
		BC54C716265C7993002DCB89 /* Assets.xcassets */ = {isa = PBXFileReference; lastKnownFileType = folder.assetcatalog; path = Assets.xcassets; sourceTree = "<group>"; };
		BC54C719265C7993002DCB89 /* Base */ = {isa = PBXFileReference; lastKnownFileType = file.storyboard; name = Base; path = Base.lproj/LaunchScreen.storyboard; sourceTree = "<group>"; };
		BC54C71B265C7993002DCB89 /* Info.plist */ = {isa = PBXFileReference; lastKnownFileType = text.plist.xml; path = Info.plist; sourceTree = "<group>"; };
		BC54C724265C7A13002DCB89 /* MoviesViewController.swift */ = {isa = PBXFileReference; lastKnownFileType = sourcecode.swift; path = MoviesViewController.swift; sourceTree = "<group>"; };
		BC54C728265C8316002DCB89 /* Movies.storyboard */ = {isa = PBXFileReference; lastKnownFileType = file.storyboard; path = Movies.storyboard; sourceTree = "<group>"; };
		BC54C72C265C8333002DCB89 /* Favorites.storyboard */ = {isa = PBXFileReference; lastKnownFileType = file.storyboard; path = Favorites.storyboard; sourceTree = "<group>"; };
		BC6AA569266061DE0050B78D /* NotFoundCollectionViewCell.swift */ = {isa = PBXFileReference; lastKnownFileType = sourcecode.swift; path = NotFoundCollectionViewCell.swift; sourceTree = "<group>"; };
		BC6AA56A266061DE0050B78D /* NotFoundCollectionViewCell.xib */ = {isa = PBXFileReference; lastKnownFileType = file.xib; path = NotFoundCollectionViewCell.xib; sourceTree = "<group>"; };
		BCCC0CB8265F028400A0E3EA /* MovieViewModel.swift */ = {isa = PBXFileReference; lastKnownFileType = sourcecode.swift; path = MovieViewModel.swift; sourceTree = "<group>"; };
		BCCC0CBB265F063B00A0E3EA /* MovieModel.swift */ = {isa = PBXFileReference; lastKnownFileType = sourcecode.swift; path = MovieModel.swift; sourceTree = "<group>"; };
		BCCC0CBF265F110900A0E3EA /* Network.swift */ = {isa = PBXFileReference; lastKnownFileType = sourcecode.swift; path = Network.swift; sourceTree = "<group>"; };
		BCCC0CC8265F326300A0E3EA /* GenreModel.swift */ = {isa = PBXFileReference; lastKnownFileType = sourcecode.swift; path = GenreModel.swift; sourceTree = "<group>"; };
		BCD1744E265C8F15004E2ECA /* MoviesCollectionCell.swift */ = {isa = PBXFileReference; lastKnownFileType = sourcecode.swift; path = MoviesCollectionCell.swift; sourceTree = "<group>"; };
		BCD1744F265C8F15004E2ECA /* MoviesCollectionCell.xib */ = {isa = PBXFileReference; lastKnownFileType = file.xib; path = MoviesCollectionCell.xib; sourceTree = "<group>"; };
		BCDB2260265DC4DC00A00D00 /* MovieDetailViewController.swift */ = {isa = PBXFileReference; lastKnownFileType = sourcecode.swift; path = MovieDetailViewController.swift; sourceTree = "<group>"; };
		BCDB2264265DD1F700A00D00 /* ErrorMovieCollectionViewCell.swift */ = {isa = PBXFileReference; lastKnownFileType = sourcecode.swift; path = ErrorMovieCollectionViewCell.swift; sourceTree = "<group>"; };
		BCDB2265265DD1F700A00D00 /* ErrorMovieCollectionViewCell.xib */ = {isa = PBXFileReference; lastKnownFileType = file.xib; path = ErrorMovieCollectionViewCell.xib; sourceTree = "<group>"; };
/* End PBXFileReference section */

/* Begin PBXFrameworksBuildPhase section */
		BC54C704265C7991002DCB89 /* Frameworks */ = {
			isa = PBXFrameworksBuildPhase;
			buildActionMask = 2147483647;
			files = (
				4AEA1DF4CBE561096908A800 /* Pods_desafio_ios_concrete.framework in Frameworks */,
			);
			runOnlyForDeploymentPostprocessing = 0;
		};
/* End PBXFrameworksBuildPhase section */

/* Begin PBXGroup section */
		335937B67FEDC6C9002675EC /* Frameworks */ = {
			isa = PBXGroup;
			children = (
				9128A93B9A3AAEFBE01B2568 /* Pods_desafio_ios_concrete.framework */,
			);
			name = Frameworks;
			sourceTree = "<group>";
		};
		4CB11BE5C3FBDFD3EED1D9D9 /* Pods */ = {
			isa = PBXGroup;
			children = (
				56400F57D75191202EF98D85 /* Pods-desafio-ios-concrete.debug.xcconfig */,
				B1DF110AB85E654CCF33D224 /* Pods-desafio-ios-concrete.release.xcconfig */,
			);
			path = Pods;
			sourceTree = "<group>";
		};
		BC54C6FE265C7991002DCB89 = {
			isa = PBXGroup;
			children = (
				BC54C709265C7991002DCB89 /* desafio-ios-concrete */,
				BC54C708265C7991002DCB89 /* Products */,
				4CB11BE5C3FBDFD3EED1D9D9 /* Pods */,
				335937B67FEDC6C9002675EC /* Frameworks */,
			);
			sourceTree = "<group>";
		};
		BC54C708265C7991002DCB89 /* Products */ = {
			isa = PBXGroup;
			children = (
				BC54C707265C7991002DCB89 /* desafio-ios-concrete.app */,
			);
			name = Products;
			sourceTree = "<group>";
		};
		BC54C709265C7991002DCB89 /* desafio-ios-concrete */ = {
			isa = PBXGroup;
			children = (
				BC54C70A265C7991002DCB89 /* AppDelegate.swift */,
				BC54C70C265C7991002DCB89 /* SceneDelegate.swift */,
				BC54C710265C7991002DCB89 /* Main.storyboard */,
				BCCC0CCB265F326E00A0E3EA /* Model */,
				BCCC0CCD265F350F00A0E3EA /* Network */,
				BC54C730265C8D69002DCB89 /* Movies */,
				BCDB2260265DC4DC00A00D00 /* MovieDetailViewController.swift */,
				BC54C72C265C8333002DCB89 /* Favorites.storyboard */,
				BC54C716265C7993002DCB89 /* Assets.xcassets */,
				BC54C718265C7993002DCB89 /* LaunchScreen.storyboard */,
				BC54C71B265C7993002DCB89 /* Info.plist */,
				BC54C713265C7991002DCB89 /* desafio_ios_concrete.xcdatamodeld */,
			);
			path = "desafio-ios-concrete";
			sourceTree = "<group>";
		};
		BC54C730265C8D69002DCB89 /* Movies */ = {
			isa = PBXGroup;
			children = (
				BC54C728265C8316002DCB89 /* Movies.storyboard */,
				BC54C724265C7A13002DCB89 /* MoviesViewController.swift */,
				BCCC0CB8265F028400A0E3EA /* MovieViewModel.swift */,
				BCD17453265C8F31004E2ECA /* CustomCell */,
			);
			path = Movies;
			sourceTree = "<group>";
		};
		BCCC0CCB265F326E00A0E3EA /* Model */ = {
			isa = PBXGroup;
			children = (
				BCCC0CBB265F063B00A0E3EA /* MovieModel.swift */,
				BCCC0CC8265F326300A0E3EA /* GenreModel.swift */,
			);
			path = Model;
			sourceTree = "<group>";
		};
		BCCC0CCD265F350F00A0E3EA /* Network */ = {
			isa = PBXGroup;
			children = (
				BCCC0CBF265F110900A0E3EA /* Network.swift */,
			);
			path = Network;
			sourceTree = "<group>";
		};
		BCD17453265C8F31004E2ECA /* CustomCell */ = {
			isa = PBXGroup;
			children = (
				BCD1744E265C8F15004E2ECA /* MoviesCollectionCell.swift */,
				BCD1744F265C8F15004E2ECA /* MoviesCollectionCell.xib */,
				BCDB2264265DD1F700A00D00 /* ErrorMovieCollectionViewCell.swift */,
				BCDB2265265DD1F700A00D00 /* ErrorMovieCollectionViewCell.xib */,
				BC6AA569266061DE0050B78D /* NotFoundCollectionViewCell.swift */,
				BC6AA56A266061DE0050B78D /* NotFoundCollectionViewCell.xib */,
			);
			path = CustomCell;
			sourceTree = "<group>";
		};
/* End PBXGroup section */

/* Begin PBXNativeTarget section */
		BC54C706265C7991002DCB89 /* desafio-ios-concrete */ = {
			isa = PBXNativeTarget;
			buildConfigurationList = BC54C71E265C7993002DCB89 /* Build configuration list for PBXNativeTarget "desafio-ios-concrete" */;
			buildPhases = (
				EAC52CCDBE6B0891E7B7E809 /* [CP] Check Pods Manifest.lock */,
				BC54C703265C7991002DCB89 /* Sources */,
				BC54C704265C7991002DCB89 /* Frameworks */,
				BC54C705265C7991002DCB89 /* Resources */,
				4084CB959C2CA190670C8F92 /* [CP] Embed Pods Frameworks */,
			);
			buildRules = (
			);
			dependencies = (
			);
			name = "desafio-ios-concrete";
			productName = "desafio-ios-concrete";
			productReference = BC54C707265C7991002DCB89 /* desafio-ios-concrete.app */;
			productType = "com.apple.product-type.application";
		};
/* End PBXNativeTarget section */

/* Begin PBXProject section */
		BC54C6FF265C7991002DCB89 /* Project object */ = {
			isa = PBXProject;
			attributes = {
				LastSwiftUpdateCheck = 1240;
				LastUpgradeCheck = 1240;
				TargetAttributes = {
					BC54C706265C7991002DCB89 = {
						CreatedOnToolsVersion = 12.4;
					};
				};
			};
			buildConfigurationList = BC54C702265C7991002DCB89 /* Build configuration list for PBXProject "desafio-ios-concrete" */;
			compatibilityVersion = "Xcode 9.3";
			developmentRegion = en;
			hasScannedForEncodings = 0;
			knownRegions = (
				en,
				Base,
			);
			mainGroup = BC54C6FE265C7991002DCB89;
			productRefGroup = BC54C708265C7991002DCB89 /* Products */;
			projectDirPath = "";
			projectRoot = "";
			targets = (
				BC54C706265C7991002DCB89 /* desafio-ios-concrete */,
			);
		};
/* End PBXProject section */

/* Begin PBXResourcesBuildPhase section */
		BC54C705265C7991002DCB89 /* Resources */ = {
			isa = PBXResourcesBuildPhase;
			buildActionMask = 2147483647;
			files = (
				BC54C71A265C7993002DCB89 /* LaunchScreen.storyboard in Resources */,
				BC54C717265C7993002DCB89 /* Assets.xcassets in Resources */,
				BCD17451265C8F15004E2ECA /* MoviesCollectionCell.xib in Resources */,
				BC6AA56C266061DE0050B78D /* NotFoundCollectionViewCell.xib in Resources */,
				BC54C712265C7991002DCB89 /* Main.storyboard in Resources */,
				BC54C729265C8316002DCB89 /* Movies.storyboard in Resources */,
				BC54C72D265C8333002DCB89 /* Favorites.storyboard in Resources */,
				BCDB2267265DD1F700A00D00 /* ErrorMovieCollectionViewCell.xib in Resources */,
			);
			runOnlyForDeploymentPostprocessing = 0;
		};
/* End PBXResourcesBuildPhase section */

/* Begin PBXShellScriptBuildPhase section */
		4084CB959C2CA190670C8F92 /* [CP] Embed Pods Frameworks */ = {
			isa = PBXShellScriptBuildPhase;
			buildActionMask = 2147483647;
			files = (
			);
			inputFileListPaths = (
				"${PODS_ROOT}/Target Support Files/Pods-desafio-ios-concrete/Pods-desafio-ios-concrete-frameworks-${CONFIGURATION}-input-files.xcfilelist",
			);
			name = "[CP] Embed Pods Frameworks";
			outputFileListPaths = (
				"${PODS_ROOT}/Target Support Files/Pods-desafio-ios-concrete/Pods-desafio-ios-concrete-frameworks-${CONFIGURATION}-output-files.xcfilelist",
			);
			runOnlyForDeploymentPostprocessing = 0;
			shellPath = /bin/sh;
			shellScript = "\"${PODS_ROOT}/Target Support Files/Pods-desafio-ios-concrete/Pods-desafio-ios-concrete-frameworks.sh\"\n";
			showEnvVarsInLog = 0;
		};
		EAC52CCDBE6B0891E7B7E809 /* [CP] Check Pods Manifest.lock */ = {
			isa = PBXShellScriptBuildPhase;
			buildActionMask = 2147483647;
			files = (
			);
			inputFileListPaths = (
			);
			inputPaths = (
				"${PODS_PODFILE_DIR_PATH}/Podfile.lock",
				"${PODS_ROOT}/Manifest.lock",
			);
			name = "[CP] Check Pods Manifest.lock";
			outputFileListPaths = (
			);
			outputPaths = (
				"$(DERIVED_FILE_DIR)/Pods-desafio-ios-concrete-checkManifestLockResult.txt",
			);
			runOnlyForDeploymentPostprocessing = 0;
			shellPath = /bin/sh;
			shellScript = "diff \"${PODS_PODFILE_DIR_PATH}/Podfile.lock\" \"${PODS_ROOT}/Manifest.lock\" > /dev/null\nif [ $? != 0 ] ; then\n    # print error to STDERR\n    echo \"error: The sandbox is not in sync with the Podfile.lock. Run 'pod install' or update your CocoaPods installation.\" >&2\n    exit 1\nfi\n# This output is used by Xcode 'outputs' to avoid re-running this script phase.\necho \"SUCCESS\" > \"${SCRIPT_OUTPUT_FILE_0}\"\n";
			showEnvVarsInLog = 0;
		};
/* End PBXShellScriptBuildPhase section */

/* Begin PBXSourcesBuildPhase section */
		BC54C703265C7991002DCB89 /* Sources */ = {
			isa = PBXSourcesBuildPhase;
			buildActionMask = 2147483647;
			files = (
				BCCC0CC0265F110900A0E3EA /* Network.swift in Sources */,
				BCCC0CBC265F063B00A0E3EA /* MovieModel.swift in Sources */,
				BC54C715265C7991002DCB89 /* desafio_ios_concrete.xcdatamodeld in Sources */,
				BC54C70B265C7991002DCB89 /* AppDelegate.swift in Sources */,
				BCCC0CC9265F326300A0E3EA /* GenreModel.swift in Sources */,
				BCDB2266265DD1F700A00D00 /* ErrorMovieCollectionViewCell.swift in Sources */,
				BCCC0CB9265F028400A0E3EA /* MovieViewModel.swift in Sources */,
				BC54C70D265C7991002DCB89 /* SceneDelegate.swift in Sources */,
				BC54C725265C7A13002DCB89 /* MoviesViewController.swift in Sources */,
				BCDB2261265DC4DC00A00D00 /* MovieDetailViewController.swift in Sources */,
				BC6AA56B266061DE0050B78D /* NotFoundCollectionViewCell.swift in Sources */,
				BCD17450265C8F15004E2ECA /* MoviesCollectionCell.swift in Sources */,
			);
			runOnlyForDeploymentPostprocessing = 0;
		};
/* End PBXSourcesBuildPhase section */

/* Begin PBXVariantGroup section */
		BC54C710265C7991002DCB89 /* Main.storyboard */ = {
			isa = PBXVariantGroup;
			children = (
				BC54C711265C7991002DCB89 /* Base */,
			);
			name = Main.storyboard;
			sourceTree = "<group>";
		};
		BC54C718265C7993002DCB89 /* LaunchScreen.storyboard */ = {
			isa = PBXVariantGroup;
			children = (
				BC54C719265C7993002DCB89 /* Base */,
			);
			name = LaunchScreen.storyboard;
			sourceTree = "<group>";
		};
/* End PBXVariantGroup section */

/* Begin XCBuildConfiguration section */
		BC54C71C265C7993002DCB89 /* Debug */ = {
			isa = XCBuildConfiguration;
			buildSettings = {
				ALWAYS_SEARCH_USER_PATHS = NO;
				CLANG_ANALYZER_NONNULL = YES;
				CLANG_ANALYZER_NUMBER_OBJECT_CONVERSION = YES_AGGRESSIVE;
				CLANG_CXX_LANGUAGE_STANDARD = "gnu++14";
				CLANG_CXX_LIBRARY = "libc++";
				CLANG_ENABLE_MODULES = YES;
				CLANG_ENABLE_OBJC_ARC = YES;
				CLANG_ENABLE_OBJC_WEAK = YES;
				CLANG_WARN_BLOCK_CAPTURE_AUTORELEASING = YES;
				CLANG_WARN_BOOL_CONVERSION = YES;
				CLANG_WARN_COMMA = YES;
				CLANG_WARN_CONSTANT_CONVERSION = YES;
				CLANG_WARN_DEPRECATED_OBJC_IMPLEMENTATIONS = YES;
				CLANG_WARN_DIRECT_OBJC_ISA_USAGE = YES_ERROR;
				CLANG_WARN_DOCUMENTATION_COMMENTS = YES;
				CLANG_WARN_EMPTY_BODY = YES;
				CLANG_WARN_ENUM_CONVERSION = YES;
				CLANG_WARN_INFINITE_RECURSION = YES;
				CLANG_WARN_INT_CONVERSION = YES;
				CLANG_WARN_NON_LITERAL_NULL_CONVERSION = YES;
				CLANG_WARN_OBJC_IMPLICIT_RETAIN_SELF = YES;
				CLANG_WARN_OBJC_LITERAL_CONVERSION = YES;
				CLANG_WARN_OBJC_ROOT_CLASS = YES_ERROR;
				CLANG_WARN_QUOTED_INCLUDE_IN_FRAMEWORK_HEADER = YES;
				CLANG_WARN_RANGE_LOOP_ANALYSIS = YES;
				CLANG_WARN_STRICT_PROTOTYPES = YES;
				CLANG_WARN_SUSPICIOUS_MOVE = YES;
				CLANG_WARN_UNGUARDED_AVAILABILITY = YES_AGGRESSIVE;
				CLANG_WARN_UNREACHABLE_CODE = YES;
				CLANG_WARN__DUPLICATE_METHOD_MATCH = YES;
				COPY_PHASE_STRIP = NO;
				DEBUG_INFORMATION_FORMAT = dwarf;
				ENABLE_STRICT_OBJC_MSGSEND = YES;
				ENABLE_TESTABILITY = YES;
				GCC_C_LANGUAGE_STANDARD = gnu11;
				GCC_DYNAMIC_NO_PIC = NO;
				GCC_NO_COMMON_BLOCKS = YES;
				GCC_OPTIMIZATION_LEVEL = 0;
				GCC_PREPROCESSOR_DEFINITIONS = (
					"DEBUG=1",
					"$(inherited)",
				);
				GCC_WARN_64_TO_32_BIT_CONVERSION = YES;
				GCC_WARN_ABOUT_RETURN_TYPE = YES_ERROR;
				GCC_WARN_UNDECLARED_SELECTOR = YES;
				GCC_WARN_UNINITIALIZED_AUTOS = YES_AGGRESSIVE;
				GCC_WARN_UNUSED_FUNCTION = YES;
				GCC_WARN_UNUSED_VARIABLE = YES;
				IPHONEOS_DEPLOYMENT_TARGET = 14.4;
				MTL_ENABLE_DEBUG_INFO = INCLUDE_SOURCE;
				MTL_FAST_MATH = YES;
				ONLY_ACTIVE_ARCH = YES;
				SDKROOT = iphoneos;
				SWIFT_ACTIVE_COMPILATION_CONDITIONS = DEBUG;
				SWIFT_OPTIMIZATION_LEVEL = "-Onone";
			};
			name = Debug;
		};
		BC54C71D265C7993002DCB89 /* Release */ = {
			isa = XCBuildConfiguration;
			buildSettings = {
				ALWAYS_SEARCH_USER_PATHS = NO;
				CLANG_ANALYZER_NONNULL = YES;
				CLANG_ANALYZER_NUMBER_OBJECT_CONVERSION = YES_AGGRESSIVE;
				CLANG_CXX_LANGUAGE_STANDARD = "gnu++14";
				CLANG_CXX_LIBRARY = "libc++";
				CLANG_ENABLE_MODULES = YES;
				CLANG_ENABLE_OBJC_ARC = YES;
				CLANG_ENABLE_OBJC_WEAK = YES;
				CLANG_WARN_BLOCK_CAPTURE_AUTORELEASING = YES;
				CLANG_WARN_BOOL_CONVERSION = YES;
				CLANG_WARN_COMMA = YES;
				CLANG_WARN_CONSTANT_CONVERSION = YES;
				CLANG_WARN_DEPRECATED_OBJC_IMPLEMENTATIONS = YES;
				CLANG_WARN_DIRECT_OBJC_ISA_USAGE = YES_ERROR;
				CLANG_WARN_DOCUMENTATION_COMMENTS = YES;
				CLANG_WARN_EMPTY_BODY = YES;
				CLANG_WARN_ENUM_CONVERSION = YES;
				CLANG_WARN_INFINITE_RECURSION = YES;
				CLANG_WARN_INT_CONVERSION = YES;
				CLANG_WARN_NON_LITERAL_NULL_CONVERSION = YES;
				CLANG_WARN_OBJC_IMPLICIT_RETAIN_SELF = YES;
				CLANG_WARN_OBJC_LITERAL_CONVERSION = YES;
				CLANG_WARN_OBJC_ROOT_CLASS = YES_ERROR;
				CLANG_WARN_QUOTED_INCLUDE_IN_FRAMEWORK_HEADER = YES;
				CLANG_WARN_RANGE_LOOP_ANALYSIS = YES;
				CLANG_WARN_STRICT_PROTOTYPES = YES;
				CLANG_WARN_SUSPICIOUS_MOVE = YES;
				CLANG_WARN_UNGUARDED_AVAILABILITY = YES_AGGRESSIVE;
				CLANG_WARN_UNREACHABLE_CODE = YES;
				CLANG_WARN__DUPLICATE_METHOD_MATCH = YES;
				COPY_PHASE_STRIP = NO;
				DEBUG_INFORMATION_FORMAT = "dwarf-with-dsym";
				ENABLE_NS_ASSERTIONS = NO;
				ENABLE_STRICT_OBJC_MSGSEND = YES;
				GCC_C_LANGUAGE_STANDARD = gnu11;
				GCC_NO_COMMON_BLOCKS = YES;
				GCC_WARN_64_TO_32_BIT_CONVERSION = YES;
				GCC_WARN_ABOUT_RETURN_TYPE = YES_ERROR;
				GCC_WARN_UNDECLARED_SELECTOR = YES;
				GCC_WARN_UNINITIALIZED_AUTOS = YES_AGGRESSIVE;
				GCC_WARN_UNUSED_FUNCTION = YES;
				GCC_WARN_UNUSED_VARIABLE = YES;
				IPHONEOS_DEPLOYMENT_TARGET = 14.4;
				MTL_ENABLE_DEBUG_INFO = NO;
				MTL_FAST_MATH = YES;
				SDKROOT = iphoneos;
				SWIFT_COMPILATION_MODE = wholemodule;
				SWIFT_OPTIMIZATION_LEVEL = "-O";
				VALIDATE_PRODUCT = YES;
			};
			name = Release;
		};
		BC54C71F265C7993002DCB89 /* Debug */ = {
			isa = XCBuildConfiguration;
			baseConfigurationReference = 56400F57D75191202EF98D85 /* Pods-desafio-ios-concrete.debug.xcconfig */;
			buildSettings = {
				ASSETCATALOG_COMPILER_APPICON_NAME = AppIcon;
				ASSETCATALOG_COMPILER_GLOBAL_ACCENT_COLOR_NAME = AccentColor;
				CODE_SIGN_STYLE = Automatic;
				DEVELOPMENT_TEAM = 25XCUFMQUU;
				INFOPLIST_FILE = "desafio-ios-concrete/Info.plist";
				LD_RUNPATH_SEARCH_PATHS = (
					"$(inherited)",
					"@executable_path/Frameworks",
				);
				PRODUCT_BUNDLE_IDENTIFIER = "com.alexandrecardoso.desafio-ios-concrete";
				PRODUCT_NAME = "$(TARGET_NAME)";
				SWIFT_VERSION = 5.0;
				TARGETED_DEVICE_FAMILY = 1;
			};
			name = Debug;
		};
		BC54C720265C7993002DCB89 /* Release */ = {
			isa = XCBuildConfiguration;
			baseConfigurationReference = B1DF110AB85E654CCF33D224 /* Pods-desafio-ios-concrete.release.xcconfig */;
			buildSettings = {
				ASSETCATALOG_COMPILER_APPICON_NAME = AppIcon;
				ASSETCATALOG_COMPILER_GLOBAL_ACCENT_COLOR_NAME = AccentColor;
				CODE_SIGN_STYLE = Automatic;
				DEVELOPMENT_TEAM = 25XCUFMQUU;
				INFOPLIST_FILE = "desafio-ios-concrete/Info.plist";
				LD_RUNPATH_SEARCH_PATHS = (
					"$(inherited)",
					"@executable_path/Frameworks",
				);
				PRODUCT_BUNDLE_IDENTIFIER = "com.alexandrecardoso.desafio-ios-concrete";
				PRODUCT_NAME = "$(TARGET_NAME)";
				SWIFT_VERSION = 5.0;
				TARGETED_DEVICE_FAMILY = 1;
			};
			name = Release;
		};
/* End XCBuildConfiguration section */

/* Begin XCConfigurationList section */
		BC54C702265C7991002DCB89 /* Build configuration list for PBXProject "desafio-ios-concrete" */ = {
			isa = XCConfigurationList;
			buildConfigurations = (
				BC54C71C265C7993002DCB89 /* Debug */,
				BC54C71D265C7993002DCB89 /* Release */,
			);
			defaultConfigurationIsVisible = 0;
			defaultConfigurationName = Release;
		};
		BC54C71E265C7993002DCB89 /* Build configuration list for PBXNativeTarget "desafio-ios-concrete" */ = {
			isa = XCConfigurationList;
			buildConfigurations = (
				BC54C71F265C7993002DCB89 /* Debug */,
				BC54C720265C7993002DCB89 /* Release */,
			);
			defaultConfigurationIsVisible = 0;
			defaultConfigurationName = Release;
		};
/* End XCConfigurationList section */

/* Begin XCVersionGroup section */
		BC54C713265C7991002DCB89 /* desafio_ios_concrete.xcdatamodeld */ = {
			isa = XCVersionGroup;
			children = (
				BC54C714265C7991002DCB89 /* desafio_ios_concrete.xcdatamodel */,
			);
			currentVersion = BC54C714265C7991002DCB89 /* desafio_ios_concrete.xcdatamodel */;
			path = desafio_ios_concrete.xcdatamodeld;
			sourceTree = "<group>";
			versionGroupType = wrapper.xcdatamodel;
		};
/* End XCVersionGroup section */
	};
	rootObject = BC54C6FF265C7991002DCB89 /* Project object */;
}
