// !$*UTF8*$!
{
	archiveVersion = 1;
	classes = {
	};
	objectVersion = 50;
	objects = {

/* Begin PBXBuildFile section */
		BC54C70B265C7991002DCB89 /* AppDelegate.swift in Sources */ = {isa = PBXBuildFile; fileRef = BC54C70A265C7991002DCB89 /* AppDelegate.swift */; };
		BC54C70D265C7991002DCB89 /* SceneDelegate.swift in Sources */ = {isa = PBXBuildFile; fileRef = BC54C70C265C7991002DCB89 /* SceneDelegate.swift */; };
		BC54C712265C7991002DCB89 /* Main.storyboard in Resources */ = {isa = PBXBuildFile; fileRef = BC54C710265C7991002DCB89 /* Main.storyboard */; };
		BC54C715265C7991002DCB89 /* desafio_ios_concrete.xcdatamodeld in Sources */ = {isa = PBXBuildFile; fileRef = BC54C713265C7991002DCB89 /* desafio_ios_concrete.xcdatamodeld */; };
		BC54C717265C7993002DCB89 /* Assets.xcassets in Resources */ = {isa = PBXBuildFile; fileRef = BC54C716265C7993002DCB89 /* Assets.xcassets */; };
		BC54C71A265C7993002DCB89 /* LaunchScreen.storyboard in Resources */ = {isa = PBXBuildFile; fileRef = BC54C718265C7993002DCB89 /* LaunchScreen.storyboard */; };
		BC54C725265C7A13002DCB89 /* MoviesViewController.swift in Sources */ = {isa = PBXBuildFile; fileRef = BC54C724265C7A13002DCB89 /* MoviesViewController.swift */; };
		BC54C729265C8316002DCB89 /* Movies.storyboard in Resources */ = {isa = PBXBuildFile; fileRef = BC54C728265C8316002DCB89 /* Movies.storyboard */; };
		BC54C72D265C8333002DCB89 /* Favorites.storyboard in Resources */ = {isa = PBXBuildFile; fileRef = BC54C72C265C8333002DCB89 /* Favorites.storyboard */; };
/* End PBXBuildFile section */

/* Begin PBXFileReference section */
		BC54C707265C7991002DCB89 /* desafio-ios-concrete.app */ = {isa = PBXFileReference; explicitFileType = wrapper.application; includeInIndex = 0; path = "desafio-ios-concrete.app"; sourceTree = BUILT_PRODUCTS_DIR; };
		BC54C70A265C7991002DCB89 /* AppDelegate.swift */ = {isa = PBXFileReference; lastKnownFileType = sourcecode.swift; path = AppDelegate.swift; sourceTree = "<group>"; };
		BC54C70C265C7991002DCB89 /* SceneDelegate.swift */ = {isa = PBXFileReference; lastKnownFileType = sourcecode.swift; path = SceneDelegate.swift; sourceTree = "<group>"; };
		BC54C711265C7991002DCB89 /* Base */ = {isa = PBXFileReference; lastKnownFileType = file.storyboard; name = Base; path = Base.lproj/Main.storyboard; sourceTree = "<group>"; };
		BC54C714265C7991002DCB89 /* desafio_ios_concrete.xcdatamodel */ = {isa = PBXFileReference; lastKnownFileType = wrapper.xcdatamodel; path = desafio_ios_concrete.xcdatamodel; sourceTree = "<group>"; };
		BC54C716265C7993002DCB89 /* Assets.xcassets */ = {isa = PBXFileReference; lastKnownFileType = folder.assetcatalog; path = Assets.xcassets; sourceTree = "<group>"; };
		BC54C719265C7993002DCB89 /* Base */ = {isa = PBXFileReference; lastKnownFileType = file.storyboard; name = Base; path = Base.lproj/LaunchScreen.storyboard; sourceTree = "<group>"; };
		BC54C71B265C7993002DCB89 /* Info.plist */ = {isa = PBXFileReference; lastKnownFileType = text.plist.xml; path = Info.plist; sourceTree = "<group>"; };
		BC54C724265C7A13002DCB89 /* MoviesViewController.swift */ = {isa = PBXFileReference; lastKnownFileType = sourcecode.swift; path = MoviesViewController.swift; sourceTree = "<group>"; };
		BC54C728265C8316002DCB89 /* Movies.storyboard */ = {isa = PBXFileReference; lastKnownFileType = file.storyboard; path = Movies.storyboard; sourceTree = "<group>"; };
		BC54C72C265C8333002DCB89 /* Favorites.storyboard */ = {isa = PBXFileReference; lastKnownFileType = file.storyboard; path = Favorites.storyboard; sourceTree = "<group>"; };
/* End PBXFileReference section */

/* Begin PBXFrameworksBuildPhase section */
		BC54C704265C7991002DCB89 /* Frameworks */ = {
			isa = PBXFrameworksBuildPhase;
			buildActionMask = 2147483647;
			files = (
			);
			runOnlyForDeploymentPostprocessing = 0;
		};
/* End PBXFrameworksBuildPhase section */

/* Begin PBXGroup section */
		BC54C6FE265C7991002DCB89 = {
			isa = PBXGroup;
			children = (
				BC54C709265C7991002DCB89 /* desafio-ios-concrete */,
				BC54C708265C7991002DCB89 /* Products */,
			);
			sourceTree = "<group>";
		};
		BC54C708265C7991002DCB89 /* Products */ = {
			isa = PBXGroup;
			children = (
				BC54C707265C7991002DCB89 /* desafio-ios-concrete.app */,
			);
			name = Products;
			sourceTree = "<group>";
		};
		BC54C709265C7991002DCB89 /* desafio-ios-concrete */ = {
			isa = PBXGroup;
			children = (
				BC54C70A265C7991002DCB89 /* AppDelegate.swift */,
				BC54C70C265C7991002DCB89 /* SceneDelegate.swift */,
				BC54C710265C7991002DCB89 /* Main.storyboard */,
				BC54C728265C8316002DCB89 /* Movies.storyboard */,
				BC54C72C265C8333002DCB89 /* Favorites.storyboard */,
				BC54C724265C7A13002DCB89 /* MoviesViewController.swift */,
				BC54C716265C7993002DCB89 /* Assets.xcassets */,
				BC54C718265C7993002DCB89 /* LaunchScreen.storyboard */,
				BC54C71B265C7993002DCB89 /* Info.plist */,
				BC54C713265C7991002DCB89 /* desafio_ios_concrete.xcdatamodeld */,
			);
			path = "desafio-ios-concrete";
			sourceTree = "<group>";
		};
/* End PBXGroup section */

/* Begin PBXNativeTarget section */
		BC54C706265C7991002DCB89 /* desafio-ios-concrete */ = {
			isa = PBXNativeTarget;
			buildConfigurationList = BC54C71E265C7993002DCB89 /* Build configuration list for PBXNativeTarget "desafio-ios-concrete" */;
			buildPhases = (
				BC54C703265C7991002DCB89 /* Sources */,
				BC54C704265C7991002DCB89 /* Frameworks */,
				BC54C705265C7991002DCB89 /* Resources */,
			);
			buildRules = (
			);
			dependencies = (
			);
			name = "desafio-ios-concrete";
			productName = "desafio-ios-concrete";
			productReference = BC54C707265C7991002DCB89 /* desafio-ios-concrete.app */;
			productType = "com.apple.product-type.application";
		};
/* End PBXNativeTarget section */

/* Begin PBXProject section */
		BC54C6FF265C7991002DCB89 /* Project object */ = {
			isa = PBXProject;
			attributes = {
				LastSwiftUpdateCheck = 1240;
				LastUpgradeCheck = 1240;
				TargetAttributes = {
					BC54C706265C7991002DCB89 = {
						CreatedOnToolsVersion = 12.4;
					};
				};
			};
			buildConfigurationList = BC54C702265C7991002DCB89 /* Build configuration list for PBXProject "desafio-ios-concrete" */;
			compatibilityVersion = "Xcode 9.3";
			developmentRegion = en;
			hasScannedForEncodings = 0;
			knownRegions = (
				en,
				Base,
			);
			mainGroup = BC54C6FE265C7991002DCB89;
			productRefGroup = BC54C708265C7991002DCB89 /* Products */;
			projectDirPath = "";
			projectRoot = "";
			targets = (
				BC54C706265C7991002DCB89 /* desafio-ios-concrete */,
			);
		};
/* End PBXProject section */

/* Begin PBXResourcesBuildPhase section */
		BC54C705265C7991002DCB89 /* Resources */ = {
			isa = PBXResourcesBuildPhase;
			buildActionMask = 2147483647;
			files = (
				BC54C71A265C7993002DCB89 /* LaunchScreen.storyboard in Resources */,
				BC54C717265C7993002DCB89 /* Assets.xcassets in Resources */,
				BC54C712265C7991002DCB89 /* Main.storyboard in Resources */,
				BC54C729265C8316002DCB89 /* Movies.storyboard in Resources */,
				BC54C72D265C8333002DCB89 /* Favorites.storyboard in Resources */,
			);
			runOnlyForDeploymentPostprocessing = 0;
		};
/* End PBXResourcesBuildPhase section */

/* Begin PBXSourcesBuildPhase section */
		BC54C703265C7991002DCB89 /* Sources */ = {
			isa = PBXSourcesBuildPhase;
			buildActionMask = 2147483647;
			files = (
				BC54C715265C7991002DCB89 /* desafio_ios_concrete.xcdatamodeld in Sources */,
				BC54C70B265C7991002DCB89 /* AppDelegate.swift in Sources */,
				BC54C70D265C7991002DCB89 /* SceneDelegate.swift in Sources */,
				BC54C725265C7A13002DCB89 /* MoviesViewController.swift in Sources */,
			);
			runOnlyForDeploymentPostprocessing = 0;
		};
/* End PBXSourcesBuildPhase section */

/* Begin PBXVariantGroup section */
		BC54C710265C7991002DCB89 /* Main.storyboard */ = {
			isa = PBXVariantGroup;
			children = (
				BC54C711265C7991002DCB89 /* Base */,
			);
			name = Main.storyboard;
			sourceTree = "<group>";
		};
		BC54C718265C7993002DCB89 /* LaunchScreen.storyboard */ = {
			isa = PBXVariantGroup;
			children = (
				BC54C719265C7993002DCB89 /* Base */,
			);
			name = LaunchScreen.storyboard;
			sourceTree = "<group>";
		};
/* End PBXVariantGroup section */

/* Begin XCBuildConfiguration section */
		BC54C71C265C7993002DCB89 /* Debug */ = {
			isa = XCBuildConfiguration;
			buildSettings = {
				ALWAYS_SEARCH_USER_PATHS = NO;
				CLANG_ANALYZER_NONNULL = YES;
				CLANG_ANALYZER_NUMBER_OBJECT_CONVERSION = YES_AGGRESSIVE;
				CLANG_CXX_LANGUAGE_STANDARD = "gnu++14";
				CLANG_CXX_LIBRARY = "libc++";
				CLANG_ENABLE_MODULES = YES;
				CLANG_ENABLE_OBJC_ARC = YES;
				CLANG_ENABLE_OBJC_WEAK = YES;
				CLANG_WARN_BLOCK_CAPTURE_AUTORELEASING = YES;
				CLANG_WARN_BOOL_CONVERSION = YES;
				CLANG_WARN_COMMA = YES;
				CLANG_WARN_CONSTANT_CONVERSION = YES;
				CLANG_WARN_DEPRECATED_OBJC_IMPLEMENTATIONS = YES;
				CLANG_WARN_DIRECT_OBJC_ISA_USAGE = YES_ERROR;
				CLANG_WARN_DOCUMENTATION_COMMENTS = YES;
				CLANG_WARN_EMPTY_BODY = YES;
				CLANG_WARN_ENUM_CONVERSION = YES;
				CLANG_WARN_INFINITE_RECURSION = YES;
				CLANG_WARN_INT_CONVERSION = YES;
				CLANG_WARN_NON_LITERAL_NULL_CONVERSION = YES;
				CLANG_WARN_OBJC_IMPLICIT_RETAIN_SELF = YES;
				CLANG_WARN_OBJC_LITERAL_CONVERSION = YES;
				CLANG_WARN_OBJC_ROOT_CLASS = YES_ERROR;
				CLANG_WARN_QUOTED_INCLUDE_IN_FRAMEWORK_HEADER = YES;
				CLANG_WARN_RANGE_LOOP_ANALYSIS = YES;
				CLANG_WARN_STRICT_PROTOTYPES = YES;
				CLANG_WARN_SUSPICIOUS_MOVE = YES;
				CLANG_WARN_UNGUARDED_AVAILABILITY = YES_AGGRESSIVE;
				CLANG_WARN_UNREACHABLE_CODE = YES;
				CLANG_WARN__DUPLICATE_METHOD_MATCH = YES;
				COPY_PHASE_STRIP = NO;
				DEBUG_INFORMATION_FORMAT = dwarf;
				ENABLE_STRICT_OBJC_MSGSEND = YES;
				ENABLE_TESTABILITY = YES;
				GCC_C_LANGUAGE_STANDARD = gnu11;
				GCC_DYNAMIC_NO_PIC = NO;
				GCC_NO_COMMON_BLOCKS = YES;
				GCC_OPTIMIZATION_LEVEL = 0;
				GCC_PREPROCESSOR_DEFINITIONS = (
					"DEBUG=1",
					"$(inherited)",
				);
				GCC_WARN_64_TO_32_BIT_CONVERSION = YES;
				GCC_WARN_ABOUT_RETURN_TYPE = YES_ERROR;
				GCC_WARN_UNDECLARED_SELECTOR = YES;
				GCC_WARN_UNINITIALIZED_AUTOS = YES_AGGRESSIVE;
				GCC_WARN_UNUSED_FUNCTION = YES;
				GCC_WARN_UNUSED_VARIABLE = YES;
				IPHONEOS_DEPLOYMENT_TARGET = 14.4;
				MTL_ENABLE_DEBUG_INFO = INCLUDE_SOURCE;
				MTL_FAST_MATH = YES;
				ONLY_ACTIVE_ARCH = YES;
				SDKROOT = iphoneos;
				SWIFT_ACTIVE_COMPILATION_CONDITIONS = DEBUG;
				SWIFT_OPTIMIZATION_LEVEL = "-Onone";
			};
			name = Debug;
		};
		BC54C71D265C7993002DCB89 /* Release */ = {
			isa = XCBuildConfiguration;
			buildSettings = {
				ALWAYS_SEARCH_USER_PATHS = NO;
				CLANG_ANALYZER_NONNULL = YES;
				CLANG_ANALYZER_NUMBER_OBJECT_CONVERSION = YES_AGGRESSIVE;
				CLANG_CXX_LANGUAGE_STANDARD = "gnu++14";
				CLANG_CXX_LIBRARY = "libc++";
				CLANG_ENABLE_MODULES = YES;
				CLANG_ENABLE_OBJC_ARC = YES;
				CLANG_ENABLE_OBJC_WEAK = YES;
				CLANG_WARN_BLOCK_CAPTURE_AUTORELEASING = YES;
				CLANG_WARN_BOOL_CONVERSION = YES;
				CLANG_WARN_COMMA = YES;
				CLANG_WARN_CONSTANT_CONVERSION = YES;
				CLANG_WARN_DEPRECATED_OBJC_IMPLEMENTATIONS = YES;
				CLANG_WARN_DIRECT_OBJC_ISA_USAGE = YES_ERROR;
				CLANG_WARN_DOCUMENTATION_COMMENTS = YES;
				CLANG_WARN_EMPTY_BODY = YES;
				CLANG_WARN_ENUM_CONVERSION = YES;
				CLANG_WARN_INFINITE_RECURSION = YES;
				CLANG_WARN_INT_CONVERSION = YES;
				CLANG_WARN_NON_LITERAL_NULL_CONVERSION = YES;
				CLANG_WARN_OBJC_IMPLICIT_RETAIN_SELF = YES;
				CLANG_WARN_OBJC_LITERAL_CONVERSION = YES;
				CLANG_WARN_OBJC_ROOT_CLASS = YES_ERROR;
				CLANG_WARN_QUOTED_INCLUDE_IN_FRAMEWORK_HEADER = YES;
				CLANG_WARN_RANGE_LOOP_ANALYSIS = YES;
				CLANG_WARN_STRICT_PROTOTYPES = YES;
				CLANG_WARN_SUSPICIOUS_MOVE = YES;
				CLANG_WARN_UNGUARDED_AVAILABILITY = YES_AGGRESSIVE;
				CLANG_WARN_UNREACHABLE_CODE = YES;
				CLANG_WARN__DUPLICATE_METHOD_MATCH = YES;
				COPY_PHASE_STRIP = NO;
				DEBUG_INFORMATION_FORMAT = "dwarf-with-dsym";
				ENABLE_NS_ASSERTIONS = NO;
				ENABLE_STRICT_OBJC_MSGSEND = YES;
				GCC_C_LANGUAGE_STANDARD = gnu11;
				GCC_NO_COMMON_BLOCKS = YES;
				GCC_WARN_64_TO_32_BIT_CONVERSION = YES;
				GCC_WARN_ABOUT_RETURN_TYPE = YES_ERROR;
				GCC_WARN_UNDECLARED_SELECTOR = YES;
				GCC_WARN_UNINITIALIZED_AUTOS = YES_AGGRESSIVE;
				GCC_WARN_UNUSED_FUNCTION = YES;
				GCC_WARN_UNUSED_VARIABLE = YES;
				IPHONEOS_DEPLOYMENT_TARGET = 14.4;
				MTL_ENABLE_DEBUG_INFO = NO;
				MTL_FAST_MATH = YES;
				SDKROOT = iphoneos;
				SWIFT_COMPILATION_MODE = wholemodule;
				SWIFT_OPTIMIZATION_LEVEL = "-O";
				VALIDATE_PRODUCT = YES;
			};
			name = Release;
		};
		BC54C71F265C7993002DCB89 /* Debug */ = {
			isa = XCBuildConfiguration;
			buildSettings = {
				ASSETCATALOG_COMPILER_APPICON_NAME = AppIcon;
				ASSETCATALOG_COMPILER_GLOBAL_ACCENT_COLOR_NAME = AccentColor;
				CODE_SIGN_STYLE = Automatic;
				DEVELOPMENT_TEAM = 25XCUFMQUU;
				INFOPLIST_FILE = "desafio-ios-concrete/Info.plist";
				LD_RUNPATH_SEARCH_PATHS = (
					"$(inherited)",
					"@executable_path/Frameworks",
				);
				PRODUCT_BUNDLE_IDENTIFIER = "com.alexandrecardoso.desafio-ios-concrete";
				PRODUCT_NAME = "$(TARGET_NAME)";
				SWIFT_VERSION = 5.0;
				TARGETED_DEVICE_FAMILY = 1;
			};
			name = Debug;
		};
		BC54C720265C7993002DCB89 /* Release */ = {
			isa = XCBuildConfiguration;
			buildSettings = {
				ASSETCATALOG_COMPILER_APPICON_NAME = AppIcon;
				ASSETCATALOG_COMPILER_GLOBAL_ACCENT_COLOR_NAME = AccentColor;
				CODE_SIGN_STYLE = Automatic;
				DEVELOPMENT_TEAM = 25XCUFMQUU;
				INFOPLIST_FILE = "desafio-ios-concrete/Info.plist";
				LD_RUNPATH_SEARCH_PATHS = (
					"$(inherited)",
					"@executable_path/Frameworks",
				);
				PRODUCT_BUNDLE_IDENTIFIER = "com.alexandrecardoso.desafio-ios-concrete";
				PRODUCT_NAME = "$(TARGET_NAME)";
				SWIFT_VERSION = 5.0;
				TARGETED_DEVICE_FAMILY = 1;
			};
			name = Release;
		};
/* End XCBuildConfiguration section */

/* Begin XCConfigurationList section */
		BC54C702265C7991002DCB89 /* Build configuration list for PBXProject "desafio-ios-concrete" */ = {
			isa = XCConfigurationList;
			buildConfigurations = (
				BC54C71C265C7993002DCB89 /* Debug */,
				BC54C71D265C7993002DCB89 /* Release */,
			);
			defaultConfigurationIsVisible = 0;
			defaultConfigurationName = Release;
		};
		BC54C71E265C7993002DCB89 /* Build configuration list for PBXNativeTarget "desafio-ios-concrete" */ = {
			isa = XCConfigurationList;
			buildConfigurations = (
				BC54C71F265C7993002DCB89 /* Debug */,
				BC54C720265C7993002DCB89 /* Release */,
			);
			defaultConfigurationIsVisible = 0;
			defaultConfigurationName = Release;
		};
/* End XCConfigurationList section */

/* Begin XCVersionGroup section */
		BC54C713265C7991002DCB89 /* desafio_ios_concrete.xcdatamodeld */ = {
			isa = XCVersionGroup;
			children = (
				BC54C714265C7991002DCB89 /* desafio_ios_concrete.xcdatamodel */,
			);
			currentVersion = BC54C714265C7991002DCB89 /* desafio_ios_concrete.xcdatamodel */;
			path = desafio_ios_concrete.xcdatamodeld;
			sourceTree = "<group>";
			versionGroupType = wrapper.xcdatamodel;
		};
/* End XCVersionGroup section */
	};
	rootObject = BC54C6FF265C7991002DCB89 /* Project object */;
}
